
Microsoft Visual Studio Solution File, Format Version 12.00
# Visual Studio 2012
Project("{FAE04EC0-301F-11D3-BF4B-00C04F79EFBC}") = "OrderService", "OrderService\OrderService.csproj", "{355A3F04-8D66-4B84-B05F-B415508E4AE6}"
EndProject
Project("{FAE04EC0-301F-11D3-BF4B-00C04F79EFBC}") = "FulfillmentService", "FulfillmentService\FulfillmentService.csproj", "{571695A4-2900-455A-AE01-BF2482EC414D}"
EndProject
Project("{FAE04EC0-301F-11D3-BF4B-00C04F79EFBC}") = "SharedMicroServiceLib", "SharedMicroServiceLib\SharedMicroServiceLib.csproj", "{25009677-8AA5-4CC8-BAB7-AB8999EF802D}"
EndProject
Project("{2150E333-8FDC-42A3-9474-1A3956D46DE8}") = "ProtocolLayer", "ProtocolLayer", "{4ADFF1F2-87BE-4D88-9F8E-D666F7E197AB}"
EndProject
Project("{2150E333-8FDC-42A3-9474-1A3956D46DE8}") = "MicroServices", "MicroServices", "{6A107FC4-2DED-43C1-B446-6F8196452A51}"
EndProject
Project("{2150E333-8FDC-42A3-9474-1A3956D46DE8}") = "API Gateway", "API Gateway", "{A3D01A12-C293-4017-8CB4-77577A99E540}"
EndProject
Project("{FAE04EC0-301F-11D3-BF4B-00C04F79EFBC}") = "Gateway", "UserGateway\Gateway.csproj", "{AEC7BB68-DBE2-4CF7-87F3-6627FA9B8AAE}"
EndProject
Project("{FAE04EC0-301F-11D3-BF4B-00C04F79EFBC}") = "ProxyService", "ProxyService\ProxyService.csproj", "{6B2E0F81-0225-4D85-BF3D-D77631A14087}"
EndProject
Project("{2150E333-8FDC-42A3-9474-1A3956D46DE8}") = "AuthenticationLayer", "AuthenticationLayer", "{4A76B1A1-A7F8-4FF8-A9FE-7311C950EFA3}"
EndProject
Project("{FAE04EC0-301F-11D3-BF4B-00C04F79EFBC}") = "WebHostBasicAuth.Modules", "WebHostBasicAuth.Modules\WebHostBasicAuth.Modules.csproj", "{5DC4CCCF-47C0-4A6F-B52F-5BDDD00E0310}"
EndProject
Project("{FAE04EC0-301F-11D3-BF4B-00C04F79EFBC}") = "InvoiceDemo", "PresentationLayer\InvoiceDemo\InvoiceDemo.csproj", "{32CDE9EF-BE30-42E8-8DCD-9B324108AD61}"
EndProject
Project("{FAE04EC0-301F-11D3-BF4B-00C04F79EFBC}") = "CustomerService", "CustomerService\CustomerService.csproj", "{243A637B-3CBC-4844-8CB1-8639E3E0B0C5}"
EndProject
Project("{FAE04EC0-301F-11D3-BF4B-00C04F79EFBC}") = "PaymentService", "PaymentService\PaymentService.csproj", "{E7E2937B-3DE6-4B28-A73F-A671ACDB3918}"
EndProject
Project("{FAE04EC0-301F-11D3-BF4B-00C04F79EFBC}") = "CustomerService.Host", "CustomerService.Host\CustomerService.Host.csproj", "{CB6AA99A-872F-4E7B-8B9E-EAB3EF66514F}"
EndProject
Project("{FAE04EC0-301F-11D3-BF4B-00C04F79EFBC}") = "OrderService.Host", "OrderService.Host\OrderService.Host.csproj", "{E8DF36A9-BFF8-4F79-BCEB-E3D4DBCE5657}"
EndProject
Project("{FAE04EC0-301F-11D3-BF4B-00C04F79EFBC}") = "PaymentService.Host", "PaymentService.Host\PaymentService.Host.csproj", "{F2D57283-538B-4617-95B1-3E9EB4EE8232}"
EndProject
Project("{FAE04EC0-301F-11D3-BF4B-00C04F79EFBC}") = "FullfillmentService.Host", "FullfillmentService.Host\FullfillmentService.Host.csproj", "{4FB43D45-D5BC-4595-B86C-46347FEDAFE6}"
EndProject
Project("{FAE04EC0-301F-11D3-BF4B-00C04F79EFBC}") = "ProductService", "ProductService\ProductService.csproj", "{8FEA553A-CB78-4E17-852A-8089B6B4F4FF}"
EndProject
Project("{FAE04EC0-301F-11D3-BF4B-00C04F79EFBC}") = "ProductService.Host", "ProductService.Host\ProductService.Host.csproj", "{9DA263CF-3C53-4D12-BF6A-F0BFCDCC9489}"
EndProject
Project("{2150E333-8FDC-42A3-9474-1A3956D46DE8}") = "Logging", "Logging", "{72A43998-0560-4CB3-818B-FD04DDDE7E55}"
EndProject
Project("{FAE04EC0-301F-11D3-BF4B-00C04F79EFBC}") = "MicroServiceesLogs", "MicroServiceesLogs\MicroServiceesLogs.csproj", "{3EDC6B6B-158C-4965-A0C4-20FBE00E15DE}"
EndProject
Global
	GlobalSection(SolutionConfigurationPlatforms) = preSolution
		Debug|Any CPU = Debug|Any CPU
		Release|Any CPU = Release|Any CPU
	EndGlobalSection
	GlobalSection(ProjectConfigurationPlatforms) = postSolution
		{355A3F04-8D66-4B84-B05F-B415508E4AE6}.Debug|Any CPU.ActiveCfg = Debug|Any CPU
		{355A3F04-8D66-4B84-B05F-B415508E4AE6}.Debug|Any CPU.Build.0 = Debug|Any CPU
		{355A3F04-8D66-4B84-B05F-B415508E4AE6}.Release|Any CPU.ActiveCfg = Release|Any CPU
		{355A3F04-8D66-4B84-B05F-B415508E4AE6}.Release|Any CPU.Build.0 = Release|Any CPU
		{571695A4-2900-455A-AE01-BF2482EC414D}.Debug|Any CPU.ActiveCfg = Debug|Any CPU
		{571695A4-2900-455A-AE01-BF2482EC414D}.Debug|Any CPU.Build.0 = Debug|Any CPU
		{571695A4-2900-455A-AE01-BF2482EC414D}.Release|Any CPU.ActiveCfg = Release|Any CPU
		{571695A4-2900-455A-AE01-BF2482EC414D}.Release|Any CPU.Build.0 = Release|Any CPU
		{25009677-8AA5-4CC8-BAB7-AB8999EF802D}.Debug|Any CPU.ActiveCfg = Debug|Any CPU
		{25009677-8AA5-4CC8-BAB7-AB8999EF802D}.Debug|Any CPU.Build.0 = Debug|Any CPU
		{25009677-8AA5-4CC8-BAB7-AB8999EF802D}.Release|Any CPU.ActiveCfg = Release|Any CPU
		{25009677-8AA5-4CC8-BAB7-AB8999EF802D}.Release|Any CPU.Build.0 = Release|Any CPU
		{AEC7BB68-DBE2-4CF7-87F3-6627FA9B8AAE}.Debug|Any CPU.ActiveCfg = Debug|Any CPU
		{AEC7BB68-DBE2-4CF7-87F3-6627FA9B8AAE}.Debug|Any CPU.Build.0 = Debug|Any CPU
		{AEC7BB68-DBE2-4CF7-87F3-6627FA9B8AAE}.Release|Any CPU.ActiveCfg = Release|Any CPU
		{AEC7BB68-DBE2-4CF7-87F3-6627FA9B8AAE}.Release|Any CPU.Build.0 = Release|Any CPU
		{6B2E0F81-0225-4D85-BF3D-D77631A14087}.Debug|Any CPU.ActiveCfg = Debug|Any CPU
		{6B2E0F81-0225-4D85-BF3D-D77631A14087}.Debug|Any CPU.Build.0 = Debug|Any CPU
		{6B2E0F81-0225-4D85-BF3D-D77631A14087}.Release|Any CPU.ActiveCfg = Release|Any CPU
		{6B2E0F81-0225-4D85-BF3D-D77631A14087}.Release|Any CPU.Build.0 = Release|Any CPU
		{5DC4CCCF-47C0-4A6F-B52F-5BDDD00E0310}.Debug|Any CPU.ActiveCfg = Debug|Any CPU
		{5DC4CCCF-47C0-4A6F-B52F-5BDDD00E0310}.Debug|Any CPU.Build.0 = Debug|Any CPU
		{5DC4CCCF-47C0-4A6F-B52F-5BDDD00E0310}.Release|Any CPU.ActiveCfg = Release|Any CPU
		{5DC4CCCF-47C0-4A6F-B52F-5BDDD00E0310}.Release|Any CPU.Build.0 = Release|Any CPU
		{32CDE9EF-BE30-42E8-8DCD-9B324108AD61}.Debug|Any CPU.ActiveCfg = Debug|Any CPU
		{32CDE9EF-BE30-42E8-8DCD-9B324108AD61}.Debug|Any CPU.Build.0 = Debug|Any CPU
		{32CDE9EF-BE30-42E8-8DCD-9B324108AD61}.Release|Any CPU.ActiveCfg = Release|Any CPU
		{32CDE9EF-BE30-42E8-8DCD-9B324108AD61}.Release|Any CPU.Build.0 = Release|Any CPU
		{243A637B-3CBC-4844-8CB1-8639E3E0B0C5}.Debug|Any CPU.ActiveCfg = Debug|Any CPU
		{243A637B-3CBC-4844-8CB1-8639E3E0B0C5}.Debug|Any CPU.Build.0 = Debug|Any CPU
		{243A637B-3CBC-4844-8CB1-8639E3E0B0C5}.Release|Any CPU.ActiveCfg = Release|Any CPU
		{243A637B-3CBC-4844-8CB1-8639E3E0B0C5}.Release|Any CPU.Build.0 = Release|Any CPU
		{E7E2937B-3DE6-4B28-A73F-A671ACDB3918}.Debug|Any CPU.ActiveCfg = Debug|Any CPU
		{E7E2937B-3DE6-4B28-A73F-A671ACDB3918}.Debug|Any CPU.Build.0 = Debug|Any CPU
		{E7E2937B-3DE6-4B28-A73F-A671ACDB3918}.Release|Any CPU.ActiveCfg = Release|Any CPU
		{E7E2937B-3DE6-4B28-A73F-A671ACDB3918}.Release|Any CPU.Build.0 = Release|Any CPU
		{CB6AA99A-872F-4E7B-8B9E-EAB3EF66514F}.Debug|Any CPU.ActiveCfg = Debug|Any CPU
		{CB6AA99A-872F-4E7B-8B9E-EAB3EF66514F}.Debug|Any CPU.Build.0 = Debug|Any CPU
		{CB6AA99A-872F-4E7B-8B9E-EAB3EF66514F}.Release|Any CPU.ActiveCfg = Release|Any CPU
		{CB6AA99A-872F-4E7B-8B9E-EAB3EF66514F}.Release|Any CPU.Build.0 = Release|Any CPU
		{E8DF36A9-BFF8-4F79-BCEB-E3D4DBCE5657}.Debug|Any CPU.ActiveCfg = Debug|Any CPU
		{E8DF36A9-BFF8-4F79-BCEB-E3D4DBCE5657}.Debug|Any CPU.Build.0 = Debug|Any CPU
		{E8DF36A9-BFF8-4F79-BCEB-E3D4DBCE5657}.Release|Any CPU.ActiveCfg = Release|Any CPU
		{E8DF36A9-BFF8-4F79-BCEB-E3D4DBCE5657}.Release|Any CPU.Build.0 = Release|Any CPU
		{F2D57283-538B-4617-95B1-3E9EB4EE8232}.Debug|Any CPU.ActiveCfg = Debug|Any CPU
		{F2D57283-538B-4617-95B1-3E9EB4EE8232}.Debug|Any CPU.Build.0 = Debug|Any CPU
		{F2D57283-538B-4617-95B1-3E9EB4EE8232}.Release|Any CPU.ActiveCfg = Release|Any CPU
		{F2D57283-538B-4617-95B1-3E9EB4EE8232}.Release|Any CPU.Build.0 = Release|Any CPU
		{4FB43D45-D5BC-4595-B86C-46347FEDAFE6}.Debug|Any CPU.ActiveCfg = Debug|Any CPU
		{4FB43D45-D5BC-4595-B86C-46347FEDAFE6}.Debug|Any CPU.Build.0 = Debug|Any CPU
		{4FB43D45-D5BC-4595-B86C-46347FEDAFE6}.Release|Any CPU.ActiveCfg = Release|Any CPU
		{4FB43D45-D5BC-4595-B86C-46347FEDAFE6}.Release|Any CPU.Build.0 = Release|Any CPU
		{8FEA553A-CB78-4E17-852A-8089B6B4F4FF}.Debug|Any CPU.ActiveCfg = Debug|Any CPU
		{8FEA553A-CB78-4E17-852A-8089B6B4F4FF}.Debug|Any CPU.Build.0 = Debug|Any CPU
		{8FEA553A-CB78-4E17-852A-8089B6B4F4FF}.Release|Any CPU.ActiveCfg = Release|Any CPU
		{8FEA553A-CB78-4E17-852A-8089B6B4F4FF}.Release|Any CPU.Build.0 = Release|Any CPU
		{9DA263CF-3C53-4D12-BF6A-F0BFCDCC9489}.Debug|Any CPU.ActiveCfg = Debug|Any CPU
		{9DA263CF-3C53-4D12-BF6A-F0BFCDCC9489}.Debug|Any CPU.Build.0 = Debug|Any CPU
		{9DA263CF-3C53-4D12-BF6A-F0BFCDCC9489}.Release|Any CPU.ActiveCfg = Release|Any CPU
		{9DA263CF-3C53-4D12-BF6A-F0BFCDCC9489}.Release|Any CPU.Build.0 = Release|Any CPU
		{3EDC6B6B-158C-4965-A0C4-20FBE00E15DE}.Debug|Any CPU.ActiveCfg = Debug|Any CPU
		{3EDC6B6B-158C-4965-A0C4-20FBE00E15DE}.Debug|Any CPU.Build.0 = Debug|Any CPU
		{3EDC6B6B-158C-4965-A0C4-20FBE00E15DE}.Release|Any CPU.ActiveCfg = Release|Any CPU
		{3EDC6B6B-158C-4965-A0C4-20FBE00E15DE}.Release|Any CPU.Build.0 = Release|Any CPU
	EndGlobalSection
	GlobalSection(SolutionProperties) = preSolution
		HideSolutionNode = FALSE
	EndGlobalSection
	GlobalSection(NestedProjects) = preSolution
		{571695A4-2900-455A-AE01-BF2482EC414D} = {6A107FC4-2DED-43C1-B446-6F8196452A51}
		{355A3F04-8D66-4B84-B05F-B415508E4AE6} = {6A107FC4-2DED-43C1-B446-6F8196452A51}
		{243A637B-3CBC-4844-8CB1-8639E3E0B0C5} = {6A107FC4-2DED-43C1-B446-6F8196452A51}
		{E7E2937B-3DE6-4B28-A73F-A671ACDB3918} = {6A107FC4-2DED-43C1-B446-6F8196452A51}
		{8FEA553A-CB78-4E17-852A-8089B6B4F4FF} = {6A107FC4-2DED-43C1-B446-6F8196452A51}
		{CB6AA99A-872F-4E7B-8B9E-EAB3EF66514F} = {4ADFF1F2-87BE-4D88-9F8E-D666F7E197AB}
		{E8DF36A9-BFF8-4F79-BCEB-E3D4DBCE5657} = {4ADFF1F2-87BE-4D88-9F8E-D666F7E197AB}
		{F2D57283-538B-4617-95B1-3E9EB4EE8232} = {4ADFF1F2-87BE-4D88-9F8E-D666F7E197AB}
		{4FB43D45-D5BC-4595-B86C-46347FEDAFE6} = {4ADFF1F2-87BE-4D88-9F8E-D666F7E197AB}
		{9DA263CF-3C53-4D12-BF6A-F0BFCDCC9489} = {4ADFF1F2-87BE-4D88-9F8E-D666F7E197AB}
		{AEC7BB68-DBE2-4CF7-87F3-6627FA9B8AAE} = {A3D01A12-C293-4017-8CB4-77577A99E540}
		{6B2E0F81-0225-4D85-BF3D-D77631A14087} = {A3D01A12-C293-4017-8CB4-77577A99E540}
		{5DC4CCCF-47C0-4A6F-B52F-5BDDD00E0310} = {4A76B1A1-A7F8-4FF8-A9FE-7311C950EFA3}
		{3EDC6B6B-158C-4965-A0C4-20FBE00E15DE} = {72A43998-0560-4CB3-818B-FD04DDDE7E55}
	EndGlobalSection
EndGlobal
